{
  "version": 4,
  "terraform_version": "1.2.8",
  "serial": 13,
  "lineage": "ff85ad57-2b15-737e-8e3c-e9f3083e97a8",
  "outputs": {},
  "resources": [
    {
      "mode": "managed",
      "type": "flexibleengine_compute_instance_v2",
      "name": "test-server",
      "provider": "provider[\"registry.terraform.io/flexibleenginecloud/flexibleengine\"]",
      "instances": [
        {
          "schema_version": 0,
          "attributes": {
            "access_ip_v4": "192.168.0.191",
            "access_ip_v6": "",
            "admin_pass": null,
            "all_metadata": {
              "charging_mode": "0",
              "image_name": "OBS Ubuntu 20.04",
              "metering.image_id": "c2280a5f-159f-4489-a107-7cf0c7efdb21",
              "metering.imagetype": "gold",
              "metering.resourcespeccode": "s6.small.1.linux",
              "os_bit": "64",
              "vpc_id": "88b482a1-17a3-4dbb-824d-fb51fda21f3b"
            },
            "auto_recovery": true,
            "availability_zone": "eu-west-0b",
            "block_device": [],
            "config_drive": null,
            "flavor_id": "s6.small.1",
            "flavor_name": "s6.small.1",
            "floating_ip": null,
            "id": "ae27351d-33f6-45f0-a776-e034b2634c76",
            "image_id": "c2280a5f-159f-4489-a107-7cf0c7efdb21",
            "image_name": "OBS Ubuntu 20.04",
            "key_pair": "key-jla",
            "metadata": null,
            "name": "test-server",
            "network": [
              {
                "access_network": false,
                "fixed_ip_v4": "192.168.0.191",
                "fixed_ip_v6": "",
                "mac": "fa:16:3e:d3:a0:f1",
                "name": "",
                "port": "73e3fa30-dcc9-4658-8caa-8702ad14f693",
                "uuid": "5dea92aa-0d97-443c-8e03-a2f566bc6cc6"
              }
            ],
            "personality": [],
            "region": "eu-west-0",
            "scheduler_hints": [],
            "security_groups": [
              "default"
            ],
            "status": "ACTIVE",
            "stop_before_destroy": false,
            "system_disk_id": "f1b63a85-206e-4fe6-a03e-49f35454c1b0",
            "tags": null,
            "timeouts": null,
            "user_data": null,
            "volume_attached": [
              {
                "boot_index": 0,
                "pci_address": "0000:02:01.0",
                "size": 40,
                "type": "SAS",
                "uuid": "f1b63a85-206e-4fe6-a03e-49f35454c1b0"
              }
            ]
          },
          "sensitive_attributes": [],
          "private": "eyJlMmJmYjczMC1lY2FhLTExZTYtOGY4OC0zNDM2M2JjN2M0YzAiOnsiY3JlYXRlIjoxODAwMDAwMDAwMDAwLCJkZWxldGUiOjE4MDAwMDAwMDAwMDAsInVwZGF0ZSI6MTgwMDAwMDAwMDAwMH19"
        }
      ]
    }
  ]
}
