{
  "version": 4,
  "terraform_version": "1.2.6",
  "serial": 1,
  "lineage": "ff85ad57-2b15-737e-8e3c-e9f3083e97a8",
  "outputs": {},
  "resources": [
    {
      "mode": "managed",
      "type": "flexibleengine_compute_instance_v2",
      "name": "test-server",
      "provider": "provider[\"registry.terraform.io/flexibleenginecloud/flexibleengine\"]",
      "instances": [
        {
          "schema_version": 0,
          "attributes": {
            "access_ip_v4": "192.168.0.225",
            "access_ip_v6": "",
            "admin_pass": null,
            "all_metadata": {
              "charging_mode": "0",
              "image_name": "OBS Ubuntu 18.04",
              "metering.image_id": "0249222b-c9be-419b-a953-f47e91c3fc81",
              "metering.imagetype": "gold",
              "metering.resourcespeccode": "s6.small.1.linux",
              "os_bit": "64",
              "vpc_id": "88b482a1-17a3-4dbb-824d-fb51fda21f3b"
            },
            "auto_recovery": true,
            "availability_zone": "eu-west-0b",
            "block_device": [],
            "config_drive": null,
            "flavor_id": "s6.small.1",
            "flavor_name": "s6.small.1",
            "floating_ip": null,
            "id": "5c5cfe7e-02e1-48bb-927a-7070db65bb2d",
            "image_id": "0249222b-c9be-419b-a953-f47e91c3fc81",
            "image_name": "OBS Ubuntu 18.04",
            "key_pair": "key-jla",
            "metadata": null,
            "name": "test-server",
            "network": [
              {
                "access_network": false,
                "fixed_ip_v4": "192.168.0.225",
                "fixed_ip_v6": "",
                "mac": "fa:16:3e:1c:ba:f0",
                "name": "",
                "port": "7533d1a0-c2aa-44e4-8e06-835283e79607",
                "uuid": "5dea92aa-0d97-443c-8e03-a2f566bc6cc6"
              }
            ],
            "personality": [],
            "region": "eu-west-0",
            "scheduler_hints": [],
            "security_groups": [
              "default"
            ],
            "status": "ACTIVE",
            "stop_before_destroy": false,
            "system_disk_id": "38aaf3df-54f5-404b-8580-e4cefc6a3737",
            "tags": null,
            "timeouts": null,
            "user_data": null,
            "volume_attached": [
              {
                "boot_index": 0,
                "pci_address": "0000:02:01.0",
                "size": 40,
                "type": "SAS",
                "uuid": "38aaf3df-54f5-404b-8580-e4cefc6a3737"
              }
            ]
          },
          "sensitive_attributes": [],
          "private": "eyJlMmJmYjczMC1lY2FhLTExZTYtOGY4OC0zNDM2M2JjN2M0YzAiOnsiY3JlYXRlIjoxODAwMDAwMDAwMDAwLCJkZWxldGUiOjE4MDAwMDAwMDAwMDAsInVwZGF0ZSI6MTgwMDAwMDAwMDAwMH19"
        }
      ]
    }
  ]
}
